// !$*UTF8*$!
{
	archiveVersion = 1;
	classes = {
	};
	objectVersion = 46;
	objects = {

/* Begin PBXBuildFile section */
		03671C0E1CC2D32C004780D1 /* AppDelegate.swift in Sources */ = {isa = PBXBuildFile; fileRef = 03671C0D1CC2D32C004780D1 /* AppDelegate.swift */; };
		03671C101CC2D32C004780D1 /* RecordSoundsViewController.swift in Sources */ = {isa = PBXBuildFile; fileRef = 03671C0F1CC2D32C004780D1 /* RecordSoundsViewController.swift */; };
		03671C131CC2D32C004780D1 /* Main.storyboard in Resources */ = {isa = PBXBuildFile; fileRef = 03671C111CC2D32C004780D1 /* Main.storyboard */; };
		03671C151CC2D32C004780D1 /* Assets.xcassets in Resources */ = {isa = PBXBuildFile; fileRef = 03671C141CC2D32C004780D1 /* Assets.xcassets */; };
		03671C181CC2D32C004780D1 /* LaunchScreen.storyboard in Resources */ = {isa = PBXBuildFile; fileRef = 03671C161CC2D32C004780D1 /* LaunchScreen.storyboard */; };
		038212DE1CC70F6B00AB7B54 /* PlaySoundsViewController+Audio.swift in Sources */ = {isa = PBXBuildFile; fileRef = 038212DD1CC70F6B00AB7B54 /* PlaySoundsViewController+Audio.swift */; };
		03B670831CC4218600FC9612 /* PlaySoundsViewController.swift in Sources */ = {isa = PBXBuildFile; fileRef = 03B670821CC4218600FC9612 /* PlaySoundsViewController.swift */; };
/* End PBXBuildFile section */

/* Begin PBXFileReference section */
		03671C0A1CC2D32C004780D1 /* FlawlessPitch.app */ = {isa = PBXFileReference; explicitFileType = wrapper.application; includeInIndex = 0; path = FlawlessPitch.app; sourceTree = BUILT_PRODUCTS_DIR; };
		03671C0D1CC2D32C004780D1 /* AppDelegate.swift */ = {isa = PBXFileReference; lastKnownFileType = sourcecode.swift; path = AppDelegate.swift; sourceTree = "<group>"; };
		03671C0F1CC2D32C004780D1 /* RecordSoundsViewController.swift */ = {isa = PBXFileReference; lastKnownFileType = sourcecode.swift; path = RecordSoundsViewController.swift; sourceTree = "<group>"; };
		03671C121CC2D32C004780D1 /* Base */ = {isa = PBXFileReference; lastKnownFileType = file.storyboard; name = Base; path = Base.lproj/Main.storyboard; sourceTree = "<group>"; };
		03671C141CC2D32C004780D1 /* Assets.xcassets */ = {isa = PBXFileReference; lastKnownFileType = folder.assetcatalog; path = Assets.xcassets; sourceTree = "<group>"; };
		03671C171CC2D32C004780D1 /* Base */ = {isa = PBXFileReference; lastKnownFileType = file.storyboard; name = Base; path = Base.lproj/LaunchScreen.storyboard; sourceTree = "<group>"; };
		03671C191CC2D32C004780D1 /* Info.plist */ = {isa = PBXFileReference; lastKnownFileType = text.plist.xml; path = Info.plist; sourceTree = "<group>"; };
		038212DD1CC70F6B00AB7B54 /* PlaySoundsViewController+Audio.swift */ = {isa = PBXFileReference; fileEncoding = 4; lastKnownFileType = sourcecode.swift; path = "PlaySoundsViewController+Audio.swift"; sourceTree = "<group>"; };
		03B670821CC4218600FC9612 /* PlaySoundsViewController.swift */ = {isa = PBXFileReference; fileEncoding = 4; lastKnownFileType = sourcecode.swift; path = PlaySoundsViewController.swift; sourceTree = "<group>"; };
/* End PBXFileReference section */

/* Begin PBXFrameworksBuildPhase section */
		03671C071CC2D32C004780D1 /* Frameworks */ = {
			isa = PBXFrameworksBuildPhase;
			buildActionMask = 2147483647;
			files = (
			);
			runOnlyForDeploymentPostprocessing = 0;
		};
/* End PBXFrameworksBuildPhase section */

/* Begin PBXGroup section */
		03671C011CC2D32C004780D1 = {
			isa = PBXGroup;
			children = (
				03671C0C1CC2D32C004780D1 /* FlawlessPitch */,
				03671C0B1CC2D32C004780D1 /* Products */,
			);
			sourceTree = "<group>";
		};
		03671C0B1CC2D32C004780D1 /* Products */ = {
			isa = PBXGroup;
			children = (
				03671C0A1CC2D32C004780D1 /* FlawlessPitch.app */,
			);
			name = Products;
			sourceTree = "<group>";
		};
		03671C0C1CC2D32C004780D1 /* FlawlessPitch */ = {
			isa = PBXGroup;
			children = (
				03671C0D1CC2D32C004780D1 /* AppDelegate.swift */,
				03671C0F1CC2D32C004780D1 /* RecordSoundsViewController.swift */,
				03671C111CC2D32C004780D1 /* Main.storyboard */,
				03B670821CC4218600FC9612 /* PlaySoundsViewController.swift */,
				038212DD1CC70F6B00AB7B54 /* PlaySoundsViewController+Audio.swift */,
				03671C141CC2D32C004780D1 /* Assets.xcassets */,
				03671C161CC2D32C004780D1 /* LaunchScreen.storyboard */,
				03671C191CC2D32C004780D1 /* Info.plist */,
			);
			path = FlawlessPitch;
			sourceTree = "<group>";
		};
/* End PBXGroup section */

/* Begin PBXNativeTarget section */
		03671C091CC2D32C004780D1 /* FlawlessPitch */ = {
			isa = PBXNativeTarget;
			buildConfigurationList = 03671C1C1CC2D32C004780D1 /* Build configuration list for PBXNativeTarget "FlawlessPitch" */;
			buildPhases = (
				03671C061CC2D32C004780D1 /* Sources */,
				03671C071CC2D32C004780D1 /* Frameworks */,
				03671C081CC2D32C004780D1 /* Resources */,
			);
			buildRules = (
			);
			dependencies = (
			);
			name = FlawlessPitch;
			productName = FlawlessPitch;
			productReference = 03671C0A1CC2D32C004780D1 /* FlawlessPitch.app */;
			productType = "com.apple.product-type.application";
		};
/* End PBXNativeTarget section */

/* Begin PBXProject section */
		03671C021CC2D32C004780D1 /* Project object */ = {
			isa = PBXProject;
			attributes = {
				LastSwiftUpdateCheck = 0730;
				LastUpgradeCheck = 0730;
				ORGANIZATIONNAME = "D Conway";
				TargetAttributes = {
					03671C091CC2D32C004780D1 = {
						CreatedOnToolsVersion = 7.3;
					};
				};
			};
			buildConfigurationList = 03671C051CC2D32C004780D1 /* Build configuration list for PBXProject "FlawlessPitch" */;
			compatibilityVersion = "Xcode 3.2";
			developmentRegion = English;
			hasScannedForEncodings = 0;
			knownRegions = (
				en,
				Base,
			);
			mainGroup = 03671C011CC2D32C004780D1;
			productRefGroup = 03671C0B1CC2D32C004780D1 /* Products */;
			projectDirPath = "";
			projectRoot = "";
			targets = (
				03671C091CC2D32C004780D1 /* FlawlessPitch */,
			);
		};
/* End PBXProject section */

/* Begin PBXResourcesBuildPhase section */
		03671C081CC2D32C004780D1 /* Resources */ = {
			isa = PBXResourcesBuildPhase;
			buildActionMask = 2147483647;
			files = (
				03671C181CC2D32C004780D1 /* LaunchScreen.storyboard in Resources */,
				03671C151CC2D32C004780D1 /* Assets.xcassets in Resources */,
				03671C131CC2D32C004780D1 /* Main.storyboard in Resources */,
			);
			runOnlyForDeploymentPostprocessing = 0;
		};
/* End PBXResourcesBuildPhase section */

/* Begin PBXSourcesBuildPhase section */
		03671C061CC2D32C004780D1 /* Sources */ = {
			isa = PBXSourcesBuildPhase;
			buildActionMask = 2147483647;
			files = (
				03671C101CC2D32C004780D1 /* RecordSoundsViewController.swift in Sources */,
				038212DE1CC70F6B00AB7B54 /* PlaySoundsViewController+Audio.swift in Sources */,
				03B670831CC4218600FC9612 /* PlaySoundsViewController.swift in Sources */,
				03671C0E1CC2D32C004780D1 /* AppDelegate.swift in Sources */,
			);
			runOnlyForDeploymentPostprocessing = 0;
		};
/* End PBXSourcesBuildPhase section */

/* Begin PBXVariantGroup section */
		03671C111CC2D32C004780D1 /* Main.storyboard */ = {
			isa = PBXVariantGroup;
			children = (
				03671C121CC2D32C004780D1 /* Base */,
			);
			name = Main.storyboard;
			sourceTree = "<group>";
		};
		03671C161CC2D32C004780D1 /* LaunchScreen.storyboard */ = {
			isa = PBXVariantGroup;
			children = (
				03671C171CC2D32C004780D1 /* Base */,
			);
			name = LaunchScreen.storyboard;
			sourceTree = "<group>";
		};
/* End PBXVariantGroup section */

/* Begin XCBuildConfiguration section */
		03671C1A1CC2D32C004780D1 /* Debug */ = {
			isa = XCBuildConfiguration;
			buildSettings = {
				ALWAYS_SEARCH_USER_PATHS = NO;
				CLANG_ANALYZER_NONNULL = YES;
				CLANG_CXX_LANGUAGE_STANDARD = "gnu++0x";
				CLANG_CXX_LIBRARY = "libc++";
				CLANG_ENABLE_MODULES = YES;
				CLANG_ENABLE_OBJC_ARC = YES;
				CLANG_WARN_BOOL_CONVERSION = YES;
				CLANG_WARN_CONSTANT_CONVERSION = YES;
				CLANG_WARN_DIRECT_OBJC_ISA_USAGE = YES_ERROR;
				CLANG_WARN_EMPTY_BODY = YES;
				CLANG_WARN_ENUM_CONVERSION = YES;
				CLANG_WARN_INT_CONVERSION = YES;
				CLANG_WARN_OBJC_ROOT_CLASS = YES_ERROR;
				CLANG_WARN_UNREACHABLE_CODE = YES;
				CLANG_WARN__DUPLICATE_METHOD_MATCH = YES;
				"CODE_SIGN_IDENTITY[sdk=iphoneos*]" = "iPhone Developer";
				COPY_PHASE_STRIP = NO;
				DEBUG_INFORMATION_FORMAT = dwarf;
				ENABLE_STRICT_OBJC_MSGSEND = YES;
				ENABLE_TESTABILITY = YES;
				GCC_C_LANGUAGE_STANDARD = gnu99;
				GCC_DYNAMIC_NO_PIC = NO;
				GCC_NO_COMMON_BLOCKS = YES;
				GCC_OPTIMIZATION_LEVEL = 0;
				GCC_PREPROCESSOR_DEFINITIONS = (
					"DEBUG=1",
					"$(inherited)",
				);
				GCC_WARN_64_TO_32_BIT_CONVERSION = YES;
				GCC_WARN_ABOUT_RETURN_TYPE = YES_ERROR;
				GCC_WARN_UNDECLARED_SELECTOR = YES;
				GCC_WARN_UNINITIALIZED_AUTOS = YES_AGGRESSIVE;
				GCC_WARN_UNUSED_FUNCTION = YES;
				GCC_WARN_UNUSED_VARIABLE = YES;
				IPHONEOS_DEPLOYMENT_TARGET = 9.3;
				MTL_ENABLE_DEBUG_INFO = YES;
				ONLY_ACTIVE_ARCH = YES;
				SDKROOT = iphoneos;
				SWIFT_OPTIMIZATION_LEVEL = "-Onone";
				TARGETED_DEVICE_FAMILY = "1,2";
			};
			name = Debug;
		};
		03671C1B1CC2D32C004780D1 /* Release */ = {
			isa = XCBuildConfiguration;
			buildSettings = {
				ALWAYS_SEARCH_USER_PATHS = NO;
				CLANG_ANALYZER_NONNULL = YES;
				CLANG_CXX_LANGUAGE_STANDARD = "gnu++0x";
				CLANG_CXX_LIBRARY = "libc++";
				CLANG_ENABLE_MODULES = YES;
				CLANG_ENABLE_OBJC_ARC = YES;
				CLANG_WARN_BOOL_CONVERSION = YES;
				CLANG_WARN_CONSTANT_CONVERSION = YES;
				CLANG_WARN_DIRECT_OBJC_ISA_USAGE = YES_ERROR;
				CLANG_WARN_EMPTY_BODY = YES;
				CLANG_WARN_ENUM_CONVERSION = YES;
				CLANG_WARN_INT_CONVERSION = YES;
				CLANG_WARN_OBJC_ROOT_CLASS = YES_ERROR;
				CLANG_WARN_UNREACHABLE_CODE = YES;
				CLANG_WARN__DUPLICATE_METHOD_MATCH = YES;
				"CODE_SIGN_IDENTITY[sdk=iphoneos*]" = "iPhone Developer";
				COPY_PHASE_STRIP = NO;
				DEBUG_INFORMATION_FORMAT = "dwarf-with-dsym";
				ENABLE_NS_ASSERTIONS = NO;
				ENABLE_STRICT_OBJC_MSGSEND = YES;
				GCC_C_LANGUAGE_STANDARD = gnu99;
				GCC_NO_COMMON_BLOCKS = YES;
				GCC_WARN_64_TO_32_BIT_CONVERSION = YES;
				GCC_WARN_ABOUT_RETURN_TYPE = YES_ERROR;
				GCC_WARN_UNDECLARED_SELECTOR = YES;
				GCC_WARN_UNINITIALIZED_AUTOS = YES_AGGRESSIVE;
				GCC_WARN_UNUSED_FUNCTION = YES;
				GCC_WARN_UNUSED_VARIABLE = YES;
				IPHONEOS_DEPLOYMENT_TARGET = 9.3;
				MTL_ENABLE_DEBUG_INFO = NO;
				SDKROOT = iphoneos;
				TARGETED_DEVICE_FAMILY = "1,2";
				VALIDATE_PRODUCT = YES;
			};
			name = Release;
		};
		03671C1D1CC2D32C004780D1 /* Debug */ = {
			isa = XCBuildConfiguration;
			buildSettings = {
				ASSETCATALOG_COMPILER_APPICON_NAME = AppIcon;
				INFOPLIST_FILE = FlawlessPitch/Info.plist;
				LD_RUNPATH_SEARCH_PATHS = "$(inherited) @executable_path/Frameworks";
				PRODUCT_BUNDLE_IDENTIFIER = com.Derek.FlawlessPitch;
				PRODUCT_NAME = "$(TARGET_NAME)";
			};
			name = Debug;
		};
		03671C1E1CC2D32C004780D1 /* Release */ = {
			isa = XCBuildConfiguration;
			buildSettings = {
				ASSETCATALOG_COMPILER_APPICON_NAME = AppIcon;
				INFOPLIST_FILE = FlawlessPitch/Info.plist;
				LD_RUNPATH_SEARCH_PATHS = "$(inherited) @executable_path/Frameworks";
				PRODUCT_BUNDLE_IDENTIFIER = com.Derek.FlawlessPitch;
				PRODUCT_NAME = "$(TARGET_NAME)";
			};
			name = Release;
		};
/* End XCBuildConfiguration section */

/* Begin XCConfigurationList section */
		03671C051CC2D32C004780D1 /* Build configuration list for PBXProject "FlawlessPitch" */ = {
			isa = XCConfigurationList;
			buildConfigurations = (
				03671C1A1CC2D32C004780D1 /* Debug */,
				03671C1B1CC2D32C004780D1 /* Release */,
			);
			defaultConfigurationIsVisible = 0;
			defaultConfigurationName = Release;
		};
		03671C1C1CC2D32C004780D1 /* Build configuration list for PBXNativeTarget "FlawlessPitch" */ = {
			isa = XCConfigurationList;
			buildConfigurations = (
				03671C1D1CC2D32C004780D1 /* Debug */,
				03671C1E1CC2D32C004780D1 /* Release */,
			);
			defaultConfigurationIsVisible = 0;
			defaultConfigurationName = Release;
		};
/* End XCConfigurationList section */
	};
	rootObject = 03671C021CC2D32C004780D1 /* Project object */;
}
